#MicroXplorer Configuration settings - do not modify
Mcu.Family=STM32L4
ProjectManager.MainLocation=Core/Src
PA6.Mode=Full_Duplex_Master
USB_DEVICE.CLASS_NAME_FS=CDC
PA15\ (JTDI).GPIOParameters=GPIO_Label
RCC.USART1Freq_Value=80000000
RCC.SAI1Freq_Value=13714285.714285715
USART2.IPParameters=VirtualMode-Asynchronous
RCC.CortexFreq_Value=80000000
ProjectManager.KeepUserCode=true
Mcu.UserName=STM32L432KCUx
SPI1.VirtualType=VM_MASTER
NVIC.USB_IRQn=true\:0\:0\:false\:false\:true\:false\:true
TIM1.IPParameters=Channel-PWM Generation1 CH1,Prescaler,Period
USART1.BaudRate=9600
RCC.PLLSAI1RoutputFreq_Value=48000000
ProjectManager.functionlistsort=1-MX_GPIO_Init-GPIO-false-HAL-true,2-MX_DMA_Init-DMA-false-HAL-true,3-SystemClock_Config-RCC-false-HAL-false,4-MX_ADC1_Init-ADC1-false-HAL-true,5-MX_I2C1_Init-I2C1-false-HAL-true,6-MX_SPI1_Init-SPI1-false-HAL-true,7-MX_TIM1_Init-TIM1-false-HAL-true,8-MX_TIM2_Init-TIM2-false-HAL-true,9-MX_USART1_UART_Init-USART1-false-HAL-true,10-MX_USART2_UART_Init-USART2-false-HAL-true,11-MX_CRC_Init-CRC-false-HAL-true,12-MX_FATFS_Init-FATFS-false-HAL-false,13-MX_USB_DEVICE_Init-USB_DEVICE-false-HAL-false
PA11.Mode=Device
PA3.GPIOParameters=GPIO_Label
PB6.GPIO_Label=GPS_USART1_TX
PB0.GPIO_Label=LED
RCC.USART2Freq_Value=80000000
PA15\ (JTDI).Signal=S_TIM2_CH1
PC15-OSC32_OUT\ (PC15).Mode=LSE-External-Oscillator
SH.S_TIM1_CH1.ConfNb=1
TIM2.Channel-PWM\ Generation2\ CH2=TIM_CHANNEL_2
USART1.IPParameters=VirtualMode-Asynchronous,BaudRate
PA2.GPIOParameters=GPIO_Label
PinOutPanel.RotationAngle=0
RCC.MCO1PinFreq_Value=80000000
RCC.SYSCLKSource=RCC_SYSCLKSOURCE_PLLCLK
ProjectManager.StackSize=0x400
PB3\ (JTDO-TRACESWO).Signal=S_TIM2_CH2
PB5.GPIOParameters=GPIO_Label
PC14-OSC32_IN\ (PC14).Mode=LSE-External-Oscillator
PA14\ (JTCK-SWCLK).Signal=SYS_JTCK-SWCLK
RCC.I2C3Freq_Value=80000000
RCC.LPTIM1Freq_Value=80000000
Mcu.IP4=I2C1
Mcu.IP5=NVIC
RCC.FCLKCortexFreq_Value=80000000
Mcu.IP2=DMA
NVIC.SVCall_IRQn=true\:0\:0\:false\:false\:true\:false\:false
Mcu.IP3=FATFS
Mcu.IP0=ADC1
Mcu.IP1=CRC
PA12.Signal=USB_DP
TIM1.Prescaler=221
Mcu.UserConstants=
RCC.VCOSAI1OutputFreq_Value=96000000
Dma.USART2_RX.0.Priority=DMA_PRIORITY_LOW
Mcu.ThirdPartyNb=0
SPI1.Direction=SPI_DIRECTION_2LINES
Dma.USART2_RX.0.PeriphDataAlignment=DMA_PDATAALIGN_BYTE
RCC.HCLKFreq_Value=80000000
Mcu.IPNb=16
TIM2.IPParameters=Channel-PWM Generation2 CH2,Channel-PWM Generation1 CH1
ProjectManager.PreviousToolchain=STM32CubeIDE
RCC.APB2TimFreq_Value=80000000
PB6.Signal=USART1_TX
PB6.Mode=Asynchronous
SPI1.CalculateBaudRate=625.0 KBits/s
PA8.GPIOParameters=GPIO_Label
Mcu.Pin6=PA4
Mcu.Pin7=PA5
Mcu.Pin8=PA6
Mcu.Pin9=PA7
RCC.AHBFreq_Value=80000000
Mcu.Pin0=PC14-OSC32_IN (PC14)
Mcu.Pin1=PC15-OSC32_OUT (PC15)
GPIO.groupedBy=Group By Peripherals
Mcu.Pin2=PA0
Mcu.Pin3=PA1
Mcu.Pin4=PA2
Mcu.Pin5=PA3
ProjectManager.ProjectBuild=false
RCC.HSE_VALUE=8000000
NVIC.UsageFault_IRQn=true\:0\:0\:false\:false\:true\:false\:false
NVIC.DebugMonitor_IRQn=true\:0\:0\:false\:false\:true\:false\:false
PA8.Locked=true
PA4.Locked=true
Mcu.IP10=TIM2
USART2.VirtualMode-Asynchronous=VM_ASYNC
NVIC.SysTick_IRQn=true\:0\:0\:false\:false\:true\:false\:true
Mcu.IP12=USART1
Mcu.IP11=TIM16
ProjectManager.FirmwarePackage=STM32Cube FW_L4 V1.15.0
MxDb.Version=DB.5.0.50
PB0.GPIOParameters=GPIO_Label
Mcu.IP14=USB
PA1.GPIOParameters=GPIO_Label
Mcu.IP13=USART2
ProjectManager.BackupPrevious=false
Dma.USART2_RX.0.MemDataAlignment=DMA_MDATAALIGN_BYTE
Mcu.IP15=USB_DEVICE
RCC.VCOInputFreq_Value=4000000
TIM1.Channel-PWM\ Generation1\ CH1=TIM_CHANNEL_1
PB1.GPIO_Label=SD_CS
SPI1.DataSize=SPI_DATASIZE_8BIT
File.Version=6
Dma.USART2_RX.0.Instance=DMA1_Channel6
SH.S_TIM2_CH1.ConfNb=1
PB7.Signal=USART1_RX
PA8.Signal=S_TIM1_CH1
RCC.PLLRCLKFreq_Value=80000000
TIM2.Channel-PWM\ Generation1\ CH1=TIM_CHANNEL_1
NVIC.PendSV_IRQn=true\:0\:0\:false\:false\:true\:false\:false
Dma.RequestsNb=1
PB6.GPIOParameters=GPIO_Label
ProjectManager.HalAssertFull=false
PB0.Locked=true
ProjectManager.ProjectName=UGV_AUVSI_2020_Firmware
PA0.Signal=ADCx_IN5
PB7.GPIO_Label=GPS_USART1_RX
PB4\ (NJTRST).Locked=true
Mcu.Package=UFQFPN32
PB1.Signal=GPIO_Output
PA6.Signal=SPI1_MISO
VP_FATFS_VS_Generic.Signal=FATFS_VS_Generic
Dma.USART2_RX.0.PeriphInc=DMA_PINC_DISABLE
ProjectManager.ToolChainLocation=
PA2.GPIO_Label=TELEM_USART2_TX
RCC.LSI_VALUE=32000
VP_SYS_VS_Systick.Signal=SYS_VS_Systick
RCC.LSCOPinFreq_Value=32000
PA10.Signal=I2C1_SDA
ADC1.OffsetNumber-1\#ChannelRegularConversion=ADC_OFFSET_NONE
VP_USB_DEVICE_VS_USB_DEVICE_CDC_FS.Signal=USB_DEVICE_VS_USB_DEVICE_CDC_FS
PC14-OSC32_IN\ (PC14).Locked=true
PB5.GPIO_Label=LEFT_MOTOR_DIR
RCC.PLLPoutputFreq_Value=22857142.85714286
RCC.APB1TimFreq_Value=80000000
NVIC.BusFault_IRQn=true\:0\:0\:false\:false\:true\:false\:false
RCC.LPUART1Freq_Value=80000000
TIM1.Period=1000
TIM16.Prescaler=8000
PA13\ (JTMS-SWDIO).Signal=SYS_JTMS-SWDIO
Dma.Request0=USART2_RX
SPI1.BaudRatePrescaler=SPI_BAUDRATEPRESCALER_128
PA4.GPIO_Label=DROP_CTRL
ProjectManager.CustomerFirmwarePackage=
RCC.HSI48_VALUE=48000000
RCC.PLLSAI1N=24
PA3.Signal=USART2_RX
PA5.Mode=Full_Duplex_Master
RCC.MSI_VALUE=4000000
PA14\ (JTCK-SWCLK).Mode=Serial_Wire
NVIC.DMA1_Channel6_IRQn=true\:0\:0\:false\:false\:true\:false\:true
RCC.PLLQoutputFreq_Value=80000000
ProjectManager.ProjectFileName=UGV_AUVSI_2020_Firmware.ioc
SH.S_TIM2_CH1.0=TIM2_CH1,PWM Generation1 CH1
PA7.Mode=Full_Duplex_Master
PA10.Mode=I2C
Mcu.PinsNb=30
ProjectManager.NoMain=false
SPI1.IPParameters=VirtualType,Mode,Direction,CalculateBaudRate,DataSize,NSSPMode,BaudRatePrescaler
USB_DEVICE.VirtualModeFS=Cdc_FS
ADC1.IPParameters=Rank-1\#ChannelRegularConversion,master,Channel-1\#ChannelRegularConversion,SamplingTime-1\#ChannelRegularConversion,OffsetNumber-1\#ChannelRegularConversion,NbrOfConversionFlag
RCC.SWPMI1Freq_Value=80000000
Dma.USART2_RX.0.Direction=DMA_PERIPH_TO_MEMORY
ProjectManager.DefaultFWLocation=true
PC15-OSC32_OUT\ (PC15).Signal=RCC_OSC32_OUT
VP_TIM16_VS_ClockSourceINT.Mode=Enable_Timer
PB3\ (JTDO-TRACESWO).GPIO_Label=LEFT_TIM2_CH2
ProjectManager.DeletePrevious=true
USB_DEVICE.IPParameters=VirtualMode,VirtualModeFS,CLASS_NAME_FS
RCC.FamilyName=M
Dma.USART2_RX.0.Mode=DMA_CIRCULAR
USART1.VirtualMode-Asynchronous=VM_ASYNC
PA3.Mode=Asynchronous
SH.S_TIM2_CH2.0=TIM2_CH2,PWM Generation2 CH2
PB4\ (NJTRST).GPIOParameters=GPIO_Label
PA9.Mode=I2C
PA8.GPIO_Label=BUZZER_TIM1_CH1
SH.S_TIM1_CH1.0=TIM1_CH1,PWM Generation1 CH1
ProjectManager.TargetToolchain=STM32CubeIDE
VP_CRC_VS_CRC.Signal=CRC_VS_CRC
PB7.GPIOParameters=GPIO_Label
VP_USB_DEVICE_VS_USB_DEVICE_CDC_FS.Mode=CDC_FS
PA9.Signal=I2C1_SCL
SH.S_TIM2_CH2.ConfNb=1
ADC1.Channel-1\#ChannelRegularConversion=ADC_CHANNEL_5
PB5.Locked=true
PC15-OSC32_OUT\ (PC15).Locked=true
RCC.USBFreq_Value=48000000
PA1.Signal=GPIO_Output
RCC.PLLSAI1PoutputFreq_Value=13714285.714285715
PB1.Locked=true
VP_FATFS_VS_Generic.Mode=User_defined
PA5.Signal=SPI1_SCK
board=custom
RCC.VCOOutputFreq_Value=160000000
ProjectManager.LastFirmware=true
TIM16.Period=10000
RCC.APB2Freq_Value=80000000
MxCube.Version=5.5.0
PB3\ (JTDO-TRACESWO).GPIOParameters=GPIO_Label
RCC.I2C1Freq_Value=80000000
SPI1.Mode=SPI_MODE_MASTER
RCC.RNGFreq_Value=48000000
RCC.PLLSAI1QoutputFreq_Value=48000000
RCC.ADCFreq_Value=48000000
VP_SYS_VS_Systick.Mode=SysTick
PA1.GPIO_Label=TELEM_MUX
VP_TIM16_VS_ClockSourceINT.Signal=TIM16_VS_ClockSourceINT
NVIC.NonMaskableInt_IRQn=true\:0\:0\:false\:false\:true\:false\:false
PA4.GPIOParameters=GPIO_Label
ProjectManager.FreePins=false
PA15\ (JTDI).GPIO_Label=RIGHT_TIM2_CH1
RCC.IPParameters=ADCFreq_Value,AHBFreq_Value,APB1Freq_Value,APB1TimFreq_Value,APB2Freq_Value,APB2TimFreq_Value,CortexFreq_Value,FCLKCortexFreq_Value,FamilyName,HCLKFreq_Value,HSE_VALUE,HSI48_VALUE,HSI_VALUE,I2C1Freq_Value,I2C3Freq_Value,LPTIM1Freq_Value,LPTIM2Freq_Value,LPUART1Freq_Value,LSCOPinFreq_Value,LSI_VALUE,MCO1PinFreq_Value,MSI_VALUE,PLLN,PLLPoutputFreq_Value,PLLQoutputFreq_Value,PLLRCLKFreq_Value,PLLSAI1N,PLLSAI1PoutputFreq_Value,PLLSAI1QoutputFreq_Value,PLLSAI1RoutputFreq_Value,PWRFreq_Value,RNGFreq_Value,SAI1Freq_Value,SWPMI1Freq_Value,SYSCLKFreq_VALUE,SYSCLKSource,USART1Freq_Value,USART2Freq_Value,USBFreq_Value,VCOInputFreq_Value,VCOOutputFreq_Value,VCOSAI1OutputFreq_Value
ProjectManager.AskForMigrate=false
Mcu.Name=STM32L432K(B-C)Ux
Dma.USART2_RX.0.MemInc=DMA_MINC_ENABLE
RCC.LPTIM2Freq_Value=80000000
Mcu.Pin26=VP_FATFS_VS_Generic
Mcu.Pin27=VP_SYS_VS_Systick
SPI1.NSSPMode=SPI_NSS_PULSE_ENABLE
PA2.Signal=USART2_TX
Mcu.Pin24=PB7
ProjectManager.UnderRoot=true
Mcu.Pin25=VP_CRC_VS_CRC
Mcu.IP8=SYS
Mcu.IP9=TIM1
Mcu.Pin28=VP_TIM16_VS_ClockSourceINT
Mcu.IP6=RCC
Mcu.Pin29=VP_USB_DEVICE_VS_USB_DEVICE_CDC_FS
Mcu.IP7=SPI1
ProjectManager.CoupleFile=true
PA13\ (JTMS-SWDIO).Mode=Serial_Wire
PA4.Signal=GPIO_Output
ADC1.SamplingTime-1\#ChannelRegularConversion=ADC_SAMPLETIME_2CYCLES_5
RCC.SYSCLKFreq_VALUE=80000000
PB5.Signal=GPIO_Output
Mcu.Pin22=PB5
Mcu.Pin23=PB6
PA1.Locked=true
Mcu.Pin20=PB3 (JTDO-TRACESWO)
ADC1.master=1
Mcu.Pin21=PB4 (NJTRST)
PA12.Mode=Device
NVIC.ForceEnableDMAVector=true
KeepUserPlacement=false
PC14-OSC32_IN\ (PC14).Signal=RCC_OSC32_IN
NVIC.MemoryManagement_IRQn=true\:0\:0\:false\:false\:true\:false\:false
ProjectManager.CompilerOptimize=6
ADC1.Rank-1\#ChannelRegularConversion=1
PB7.Mode=Asynchronous
PA11.Signal=USB_DM
ProjectManager.HeapSize=0x200
Mcu.Pin15=PA11
NVIC.HardFault_IRQn=true\:0\:0\:false\:false\:true\:false\:false
Mcu.Pin16=PA12
Mcu.Pin13=PA9
Mcu.Pin14=PA10
Mcu.Pin19=PA15 (JTDI)
ProjectManager.ComputerToolchain=false
Mcu.Pin17=PA13 (JTMS-SWDIO)
RCC.HSI_VALUE=16000000
Mcu.Pin18=PA14 (JTCK-SWCLK)
SH.ADCx_IN5.0=ADC1_IN5,IN5-Single-Ended
NVIC.TIM1_UP_TIM16_IRQn=true\:0\:0\:false\:false\:true\:true\:true
NVIC.PriorityGroup=NVIC_PRIORITYGROUP_4
ADC1.NbrOfConversionFlag=1
Mcu.Pin11=PB1
Mcu.Pin12=PA8
RCC.PLLN=40
Mcu.Pin10=PB0
PA2.Mode=Asynchronous
RCC.PWRFreq_Value=80000000
SH.ADCx_IN5.ConfNb=1
PB4\ (NJTRST).GPIO_Label=RIGHT_MOTOR_DIR
TIM16.IPParameters=Prescaler,Period
PA15\ (JTDI).Locked=true
RCC.APB1Freq_Value=80000000
VP_CRC_VS_CRC.Mode=CRC_Activate
PB0.Signal=GPIO_Output
Dma.USART2_RX.0.RequestParameters=Instance,Direction,PeriphInc,MemInc,PeriphDataAlignment,MemDataAlignment,Mode,Priority
USB_DEVICE.VirtualMode=Cdc
ProjectManager.DeviceId=STM32L432KCUx
ProjectManager.LibraryCopy=1
PA3.GPIO_Label=TELEM_USART2_RX
PB1.GPIOParameters=GPIO_Label
PA7.Signal=SPI1_MOSI
PB4\ (NJTRST).Signal=GPIO_Output
